// !$*UTF8*$!
{
	archiveVersion = 1;
	classes = {
	};
	objectVersion = 56;
	objects = {

/* Begin PBXBuildFile section */
		43EFB520B38564990EE27CE2 /* Pods_wldo.framework in Frameworks */ = {isa = PBXBuildFile; fileRef = DB8EAD53C3E270DF0F06D46D /* Pods_wldo.framework */; };
		84CFB3662F371D9D00FEE893 /* WLDLoginView.swift in Sources */ = {isa = PBXBuildFile; fileRef = 84CFB3252F371D9D00FEE893 /* WLDLoginView.swift */; };
		84CFB3672F371D9D00FEE893 /* WLDPolicyViewController.swift in Sources */ = {isa = PBXBuildFile; fileRef = 84CFB3262F371D9D00FEE893 /* WLDPolicyViewController.swift */; };
		84CFB3682F371D9D00FEE893 /* WLDRegisterViewController.swift in Sources */ = {isa = PBXBuildFile; fileRef = 84CFB3272F371D9D00FEE893 /* WLDRegisterViewController.swift */; };
		84CFB3692F371D9D00FEE893 /* WLDChatDetailViewController.swift in Sources */ = {isa = PBXBuildFile; fileRef = 84CFB3292F371D9D00FEE893 /* WLDChatDetailViewController.swift */; };
		84CFB36A2F371D9D00FEE893 /* WLDChatListViewController.swift in Sources */ = {isa = PBXBuildFile; fileRef = 84CFB32A2F371D9D00FEE893 /* WLDChatListViewController.swift */; };
		84CFB36B2F371D9D00FEE893 /* WLDDiscoveryEnums.swift in Sources */ = {isa = PBXBuildFile; fileRef = 84CFB32C2F371D9D00FEE893 /* WLDDiscoveryEnums.swift */; };
		84CFB36C2F371D9D00FEE893 /* WLDDiscoveryViewController.swift in Sources */ = {isa = PBXBuildFile; fileRef = 84CFB32D2F371D9D00FEE893 /* WLDDiscoveryViewController.swift */; };
		84CFB36D2F371D9D00FEE893 /* WLDTagFeedViewController.swift in Sources */ = {isa = PBXBuildFile; fileRef = 84CFB32E2F371D9D00FEE893 /* WLDTagFeedViewController.swift */; };
		84CFB36E2F371D9D00FEE893 /* WLDCreatePostViewController.swift in Sources */ = {isa = PBXBuildFile; fileRef = 84CFB3302F371D9D00FEE893 /* WLDCreatePostViewController.swift */; };
		84CFB36F2F371D9D00FEE893 /* WLDFeedEnums.swift in Sources */ = {isa = PBXBuildFile; fileRef = 84CFB3312F371D9D00FEE893 /* WLDFeedEnums.swift */; };
		84CFB3702F371D9D00FEE893 /* WLDFeedViewController.swift in Sources */ = {isa = PBXBuildFile; fileRef = 84CFB3322F371D9D00FEE893 /* WLDFeedViewController.swift */; };
		84CFB3712F371D9D00FEE893 /* WLDArticleDetailViewController.swift in Sources */ = {isa = PBXBuildFile; fileRef = 84CFB3332F371D9D00FEE893 /* WLDArticleDetailViewController.swift */; };
		84CFB3722F371D9D00FEE893 /* WLDStoryDetailViewController.swift in Sources */ = {isa = PBXBuildFile; fileRef = 84CFB3342F371D9D00FEE893 /* WLDStoryDetailViewController.swift */; };
		84CFB3732F371D9D00FEE893 /* WLDCameraViewController.swift in Sources */ = {isa = PBXBuildFile; fileRef = 84CFB3362F371D9D00FEE893 /* WLDCameraViewController.swift */; };
		84CFB3742F371D9D00FEE893 /* WLDMainTab.swift in Sources */ = {isa = PBXBuildFile; fileRef = 84CFB3372F371D9D00FEE893 /* WLDMainTab.swift */; };
		84CFB3752F371D9D00FEE893 /* WLDCoinStoreViewController.swift in Sources */ = {isa = PBXBuildFile; fileRef = 84CFB3392F371D9D00FEE893 /* WLDCoinStoreViewController.swift */; };
		84CFB3762F371D9D00FEE893 /* WLDProfileViewController.swift in Sources */ = {isa = PBXBuildFile; fileRef = 84CFB33A2F371D9D00FEE893 /* WLDProfileViewController.swift */; };
		84CFB3772F371D9D00FEE893 /* WLDSettingsViewController.swift in Sources */ = {isa = PBXBuildFile; fileRef = 84CFB33B2F371D9D00FEE893 /* WLDSettingsViewController.swift */; };
		84CFB3782F371D9D00FEE893 /* WLDAuthService.swift in Sources */ = {isa = PBXBuildFile; fileRef = 84CFB33E2F371D9D00FEE893 /* WLDAuthService.swift */; };
		84CFB3792F371D9D00FEE893 /* WLDInitialData.swift in Sources */ = {isa = PBXBuildFile; fileRef = 84CFB33F2F371D9D00FEE893 /* WLDInitialData.swift */; };
		84CFB37A2F371D9D00FEE893 /* WLDChatHandler.swift in Sources */ = {isa = PBXBuildFile; fileRef = 84CFB3402F371D9D00FEE893 /* WLDChatHandler.swift */; };
		84CFB37B2F371D9D00FEE893 /* WLDStorageWorker.swift in Sources */ = {isa = PBXBuildFile; fileRef = 84CFB3412F371D9D00FEE893 /* WLDStorageWorker.swift */; };
		84CFB37C2F371D9D00FEE893 /* WLDFeedController.swift in Sources */ = {isa = PBXBuildFile; fileRef = 84CFB3422F371D9D00FEE893 /* WLDFeedController.swift */; };
		84CFB37D2F371D9D00FEE893 /* WLDChatItem.swift in Sources */ = {isa = PBXBuildFile; fileRef = 84CFB3442F371D9D00FEE893 /* WLDChatItem.swift */; };
		84CFB37E2F371D9D00FEE893 /* WLDArticle.swift in Sources */ = {isa = PBXBuildFile; fileRef = 84CFB3452F371D9D00FEE893 /* WLDArticle.swift */; };
		84CFB37F2F371D9D00FEE893 /* WLDProfile.swift in Sources */ = {isa = PBXBuildFile; fileRef = 84CFB3462F371D9D00FEE893 /* WLDProfile.swift */; };
		84CFB3802F371D9D00FEE893 /* WLDCoinManager.swift in Sources */ = {isa = PBXBuildFile; fileRef = 84CFB3482F371D9D00FEE893 /* WLDCoinManager.swift */; };
		84CFB3812F371D9D00FEE893 /* WLDAppConfig.swift in Sources */ = {isa = PBXBuildFile; fileRef = 84CFB34A2F371D9D00FEE893 /* WLDAppConfig.swift */; };
		84CFB3822F371D9D00FEE893 /* WLDBitmapFetcher.swift in Sources */ = {isa = PBXBuildFile; fileRef = 84CFB34B2F371D9D00FEE893 /* WLDBitmapFetcher.swift */; };
		84CFB3832F371D9D00FEE893 /* UIView+Extensions.swift in Sources */ = {isa = PBXBuildFile; fileRef = 84CFB34C2F371D9D00FEE893 /* UIView+Extensions.swift */; };
		84CFB3842F371D9D00FEE893 /* WLDChatListCell.swift in Sources */ = {isa = PBXBuildFile; fileRef = 84CFB34E2F371D9D00FEE893 /* WLDChatListCell.swift */; };
		84CFB3852F371D9D00FEE893 /* WLDChatItemCell.swift in Sources */ = {isa = PBXBuildFile; fileRef = 84CFB34F2F371D9D00FEE893 /* WLDChatItemCell.swift */; };
		84CFB3862F371D9D00FEE893 /* WLDStoriesView.swift in Sources */ = {isa = PBXBuildFile; fileRef = 84CFB3512F371D9D00FEE893 /* WLDStoriesView.swift */; };
		84CFB3872F371D9D00FEE893 /* WLDPhotoGridCell.swift in Sources */ = {isa = PBXBuildFile; fileRef = 84CFB3532F371D9D00FEE893 /* WLDPhotoGridCell.swift */; };
		84CFB3882F371D9D00FEE893 /* WLDProfileHeaderView.swift in Sources */ = {isa = PBXBuildFile; fileRef = 84CFB3542F371D9D00FEE893 /* WLDProfileHeaderView.swift */; };
		84CFB3892F371D9D00FEE893 /* WLDArticleCell.swift in Sources */ = {isa = PBXBuildFile; fileRef = 84CFB3562F371D9D00FEE893 /* WLDArticleCell.swift */; };
		84CFB38A2F371D9D00FEE893 /* WLDVideoPlayerView.swift in Sources */ = {isa = PBXBuildFile; fileRef = 84CFB3572F371D9D00FEE893 /* WLDVideoPlayerView.swift */; };
		84CFB38B2F371D9D00FEE893 /* AppDelegate.swift in Sources */ = {isa = PBXBuildFile; fileRef = 84CFB35E2F371D9D00FEE893 /* AppDelegate.swift */; };
		84CFB38D2F371D9D00FEE893 /* resource_img_01.jpg in Resources */ = {isa = PBXBuildFile; fileRef = 84CFB35A2F371D9D00FEE893 /* resource_img_01.jpg */; };
		84CFB38E2F371D9D00FEE893 /* resource_vid_01.mp4 in Resources */ = {isa = PBXBuildFile; fileRef = 84CFB35B2F371D9D00FEE893 /* resource_vid_01.mp4 */; };
		84CFB38F2F371D9D00FEE893 /* resource_img_02.jpg in Resources */ = {isa = PBXBuildFile; fileRef = 84CFB35C2F371D9D00FEE893 /* resource_img_02.jpg */; };
		84CFB3902F371D9D00FEE893 /* resource_vid_02.mp4 in Resources */ = {isa = PBXBuildFile; fileRef = 84CFB35D2F371D9D00FEE893 /* resource_vid_02.mp4 */; };
		84CFB3912F371D9D00FEE893 /* Assets.xcassets in Resources */ = {isa = PBXBuildFile; fileRef = 84CFB35F2F371D9D00FEE893 /* Assets.xcassets */; };
		84CFB3932F371D9D00FEE893 /* LaunchScreen.storyboard in Resources */ = {isa = PBXBuildFile; fileRef = 84CFB3632F371D9D00FEE893 /* LaunchScreen.storyboard */; };
		84D221D52F28B87B009D2E99 /* StoreKit.framework in Frameworks */ = {isa = PBXBuildFile; fileRef = 84D221D42F28B87B009D2E99 /* StoreKit.framework */; };
/* End PBXBuildFile section */

/* Begin PBXFileReference section */
		84CFB3252F371D9D00FEE893 /* WLDLoginView.swift */ = {isa = PBXFileReference; lastKnownFileType = sourcecode.swift; path = WLDLoginView.swift; sourceTree = "<group>"; };
		84CFB3262F371D9D00FEE893 /* WLDPolicyViewController.swift */ = {isa = PBXFileReference; lastKnownFileType = sourcecode.swift; path = WLDPolicyViewController.swift; sourceTree = "<group>"; };
		84CFB3272F371D9D00FEE893 /* WLDRegisterViewController.swift */ = {isa = PBXFileReference; lastKnownFileType = sourcecode.swift; path = WLDRegisterViewController.swift; sourceTree = "<group>"; };
		84CFB3292F371D9D00FEE893 /* WLDChatDetailViewController.swift */ = {isa = PBXFileReference; lastKnownFileType = sourcecode.swift; path = WLDChatDetailViewController.swift; sourceTree = "<group>"; };
		84CFB32A2F371D9D00FEE893 /* WLDChatListViewController.swift */ = {isa = PBXFileReference; lastKnownFileType = sourcecode.swift; path = WLDChatListViewController.swift; sourceTree = "<group>"; };
		84CFB32C2F371D9D00FEE893 /* WLDDiscoveryEnums.swift */ = {isa = PBXFileReference; lastKnownFileType = sourcecode.swift; path = WLDDiscoveryEnums.swift; sourceTree = "<group>"; };
		84CFB32D2F371D9D00FEE893 /* WLDDiscoveryViewController.swift */ = {isa = PBXFileReference; lastKnownFileType = sourcecode.swift; path = WLDDiscoveryViewController.swift; sourceTree = "<group>"; };
		84CFB32E2F371D9D00FEE893 /* WLDTagFeedViewController.swift */ = {isa = PBXFileReference; lastKnownFileType = sourcecode.swift; path = WLDTagFeedViewController.swift; sourceTree = "<group>"; };
		84CFB3302F371D9D00FEE893 /* WLDCreatePostViewController.swift */ = {isa = PBXFileReference; lastKnownFileType = sourcecode.swift; path = WLDCreatePostViewController.swift; sourceTree = "<group>"; };
		84CFB3312F371D9D00FEE893 /* WLDFeedEnums.swift */ = {isa = PBXFileReference; lastKnownFileType = sourcecode.swift; path = WLDFeedEnums.swift; sourceTree = "<group>"; };
		84CFB3322F371D9D00FEE893 /* WLDFeedViewController.swift */ = {isa = PBXFileReference; lastKnownFileType = sourcecode.swift; path = WLDFeedViewController.swift; sourceTree = "<group>"; };
		84CFB3332F371D9D00FEE893 /* WLDArticleDetailViewController.swift */ = {isa = PBXFileReference; lastKnownFileType = sourcecode.swift; path = WLDArticleDetailViewController.swift; sourceTree = "<group>"; };
		84CFB3342F371D9D00FEE893 /* WLDStoryDetailViewController.swift */ = {isa = PBXFileReference; lastKnownFileType = sourcecode.swift; path = WLDStoryDetailViewController.swift; sourceTree = "<group>"; };
		84CFB3362F371D9D00FEE893 /* WLDCameraViewController.swift */ = {isa = PBXFileReference; lastKnownFileType = sourcecode.swift; path = WLDCameraViewController.swift; sourceTree = "<group>"; };
		84CFB3372F371D9D00FEE893 /* WLDMainTab.swift */ = {isa = PBXFileReference; lastKnownFileType = sourcecode.swift; path = WLDMainTab.swift; sourceTree = "<group>"; };
		84CFB3392F371D9D00FEE893 /* WLDCoinStoreViewController.swift */ = {isa = PBXFileReference; lastKnownFileType = sourcecode.swift; path = WLDCoinStoreViewController.swift; sourceTree = "<group>"; };
		84CFB33A2F371D9D00FEE893 /* WLDProfileViewController.swift */ = {isa = PBXFileReference; lastKnownFileType = sourcecode.swift; path = WLDProfileViewController.swift; sourceTree = "<group>"; };
		84CFB33B2F371D9D00FEE893 /* WLDSettingsViewController.swift */ = {isa = PBXFileReference; lastKnownFileType = sourcecode.swift; path = WLDSettingsViewController.swift; sourceTree = "<group>"; };
		84CFB33E2F371D9D00FEE893 /* WLDAuthService.swift */ = {isa = PBXFileReference; lastKnownFileType = sourcecode.swift; path = WLDAuthService.swift; sourceTree = "<group>"; };
		84CFB33F2F371D9D00FEE893 /* WLDInitialData.swift */ = {isa = PBXFileReference; lastKnownFileType = sourcecode.swift; path = WLDInitialData.swift; sourceTree = "<group>"; };
		84CFB3402F371D9D00FEE893 /* WLDChatHandler.swift */ = {isa = PBXFileReference; lastKnownFileType = sourcecode.swift; path = WLDChatHandler.swift; sourceTree = "<group>"; };
		84CFB3412F371D9D00FEE893 /* WLDStorageWorker.swift */ = {isa = PBXFileReference; lastKnownFileType = sourcecode.swift; path = WLDStorageWorker.swift; sourceTree = "<group>"; };
		84CFB3422F371D9D00FEE893 /* WLDFeedController.swift */ = {isa = PBXFileReference; lastKnownFileType = sourcecode.swift; path = WLDFeedController.swift; sourceTree = "<group>"; };
		84CFB3442F371D9D00FEE893 /* WLDChatItem.swift */ = {isa = PBXFileReference; lastKnownFileType = sourcecode.swift; path = WLDChatItem.swift; sourceTree = "<group>"; };
		84CFB3452F371D9D00FEE893 /* WLDArticle.swift */ = {isa = PBXFileReference; lastKnownFileType = sourcecode.swift; path = WLDArticle.swift; sourceTree = "<group>"; };
		84CFB3462F371D9D00FEE893 /* WLDProfile.swift */ = {isa = PBXFileReference; lastKnownFileType = sourcecode.swift; path = WLDProfile.swift; sourceTree = "<group>"; };
		84CFB3482F371D9D00FEE893 /* WLDCoinManager.swift */ = {isa = PBXFileReference; lastKnownFileType = sourcecode.swift; path = WLDCoinManager.swift; sourceTree = "<group>"; };
		84CFB34A2F371D9D00FEE893 /* WLDAppConfig.swift */ = {isa = PBXFileReference; lastKnownFileType = sourcecode.swift; path = WLDAppConfig.swift; sourceTree = "<group>"; };
		84CFB34B2F371D9D00FEE893 /* WLDBitmapFetcher.swift */ = {isa = PBXFileReference; lastKnownFileType = sourcecode.swift; path = WLDBitmapFetcher.swift; sourceTree = "<group>"; };
		84CFB34C2F371D9D00FEE893 /* UIView+Extensions.swift */ = {isa = PBXFileReference; lastKnownFileType = sourcecode.swift; path = "UIView+Extensions.swift"; sourceTree = "<group>"; };
		84CFB34E2F371D9D00FEE893 /* WLDChatListCell.swift */ = {isa = PBXFileReference; lastKnownFileType = sourcecode.swift; path = WLDChatListCell.swift; sourceTree = "<group>"; };
		84CFB34F2F371D9D00FEE893 /* WLDChatItemCell.swift */ = {isa = PBXFileReference; lastKnownFileType = sourcecode.swift; path = WLDChatItemCell.swift; sourceTree = "<group>"; };
		84CFB3512F371D9D00FEE893 /* WLDStoriesView.swift */ = {isa = PBXFileReference; lastKnownFileType = sourcecode.swift; path = WLDStoriesView.swift; sourceTree = "<group>"; };
		84CFB3532F371D9D00FEE893 /* WLDPhotoGridCell.swift */ = {isa = PBXFileReference; lastKnownFileType = sourcecode.swift; path = WLDPhotoGridCell.swift; sourceTree = "<group>"; };
		84CFB3542F371D9D00FEE893 /* WLDProfileHeaderView.swift */ = {isa = PBXFileReference; lastKnownFileType = sourcecode.swift; path = WLDProfileHeaderView.swift; sourceTree = "<group>"; };
		84CFB3562F371D9D00FEE893 /* WLDArticleCell.swift */ = {isa = PBXFileReference; lastKnownFileType = sourcecode.swift; path = WLDArticleCell.swift; sourceTree = "<group>"; };
		84CFB3572F371D9D00FEE893 /* WLDVideoPlayerView.swift */ = {isa = PBXFileReference; lastKnownFileType = sourcecode.swift; path = WLDVideoPlayerView.swift; sourceTree = "<group>"; };
		84CFB35A2F371D9D00FEE893 /* resource_img_01.jpg */ = {isa = PBXFileReference; lastKnownFileType = image.jpeg; path = resource_img_01.jpg; sourceTree = "<group>"; };
		84CFB35B2F371D9D00FEE893 /* resource_vid_01.mp4 */ = {isa = PBXFileReference; lastKnownFileType = file; path = resource_vid_01.mp4; sourceTree = "<group>"; };
		84CFB35C2F371D9D00FEE893 /* resource_img_02.jpg */ = {isa = PBXFileReference; lastKnownFileType = image.jpeg; path = resource_img_02.jpg; sourceTree = "<group>"; };
		84CFB35D2F371D9D00FEE893 /* resource_vid_02.mp4 */ = {isa = PBXFileReference; lastKnownFileType = file; path = resource_vid_02.mp4; sourceTree = "<group>"; };
		84CFB35E2F371D9D00FEE893 /* AppDelegate.swift */ = {isa = PBXFileReference; lastKnownFileType = sourcecode.swift; path = AppDelegate.swift; sourceTree = "<group>"; };
		84CFB35F2F371D9D00FEE893 /* Assets.xcassets */ = {isa = PBXFileReference; lastKnownFileType = folder.assetcatalog; path = Assets.xcassets; sourceTree = "<group>"; };
		84CFB3602F371D9D00FEE893 /* Info.plist */ = {isa = PBXFileReference; lastKnownFileType = text.plist.xml; path = Info.plist; sourceTree = "<group>"; };
		84CFB3612F371D9D00FEE893 /* wldo.entitlements */ = {isa = PBXFileReference; lastKnownFileType = text.plist.entitlements; path = wldo.entitlements; sourceTree = "<group>"; };
		84CFB3622F371D9D00FEE893 /* Base */ = {isa = PBXFileReference; lastKnownFileType = file.storyboard; name = Base; path = Base.lproj/LaunchScreen.storyboard; sourceTree = "<group>"; };
		84D221522F287629009D2E99 /* wldo.app */ = {isa = PBXFileReference; explicitFileType = wrapper.application; includeInIndex = 0; path = wldo.app; sourceTree = BUILT_PRODUCTS_DIR; };
		84D221D42F28B87B009D2E99 /* StoreKit.framework */ = {isa = PBXFileReference; lastKnownFileType = wrapper.framework; name = StoreKit.framework; path = System/Library/Frameworks/StoreKit.framework; sourceTree = SDKROOT; };
		AAF056B1A501BCE92C70FAD8 /* Pods-wldo.release.xcconfig */ = {isa = PBXFileReference; includeInIndex = 1; lastKnownFileType = text.xcconfig; name = "Pods-wldo.release.xcconfig"; path = "Target Support Files/Pods-wldo/Pods-wldo.release.xcconfig"; sourceTree = "<group>"; };
		CB6EC88C66CA64699F5C58E2 /* Pods-wldo.debug.xcconfig */ = {isa = PBXFileReference; includeInIndex = 1; lastKnownFileType = text.xcconfig; name = "Pods-wldo.debug.xcconfig"; path = "Target Support Files/Pods-wldo/Pods-wldo.debug.xcconfig"; sourceTree = "<group>"; };
		DB8EAD53C3E270DF0F06D46D /* Pods_wldo.framework */ = {isa = PBXFileReference; explicitFileType = wrapper.framework; includeInIndex = 0; path = Pods_wldo.framework; sourceTree = BUILT_PRODUCTS_DIR; };
/* End PBXFileReference section */

/* Begin PBXFrameworksBuildPhase section */
		84D2214F2F287629009D2E99 /* Frameworks */ = {
			isa = PBXFrameworksBuildPhase;
			buildActionMask = 2147483647;
			files = (
				84D221D52F28B87B009D2E99 /* StoreKit.framework in Frameworks */,
				43EFB520B38564990EE27CE2 /* Pods_wldo.framework in Frameworks */,
			);
			runOnlyForDeploymentPostprocessing = 0;
		};
/* End PBXFrameworksBuildPhase section */

/* Begin PBXGroup section */
		84CFB3282F371D9D00FEE893 /* Auth */ = {
			isa = PBXGroup;
			children = (
				84CFB3252F371D9D00FEE893 /* WLDLoginView.swift */,
				84CFB3262F371D9D00FEE893 /* WLDPolicyViewController.swift */,
				84CFB3272F371D9D00FEE893 /* WLDRegisterViewController.swift */,
			);
			path = Auth;
			sourceTree = "<group>";
		};
		84CFB32B2F371D9D00FEE893 /* Chat */ = {
			isa = PBXGroup;
			children = (
				84CFB3292F371D9D00FEE893 /* WLDChatDetailViewController.swift */,
				84CFB32A2F371D9D00FEE893 /* WLDChatListViewController.swift */,
			);
			path = Chat;
			sourceTree = "<group>";
		};
		84CFB32F2F371D9D00FEE893 /* Discovery */ = {
			isa = PBXGroup;
			children = (
				84CFB32C2F371D9D00FEE893 /* WLDDiscoveryEnums.swift */,
				84CFB32D2F371D9D00FEE893 /* WLDDiscoveryViewController.swift */,
				84CFB32E2F371D9D00FEE893 /* WLDTagFeedViewController.swift */,
			);
			path = Discovery;
			sourceTree = "<group>";
		};
		84CFB3352F371D9D00FEE893 /* Feed */ = {
			isa = PBXGroup;
			children = (
				84CFB3302F371D9D00FEE893 /* WLDCreatePostViewController.swift */,
				84CFB3312F371D9D00FEE893 /* WLDFeedEnums.swift */,
				84CFB3322F371D9D00FEE893 /* WLDFeedViewController.swift */,
				84CFB3332F371D9D00FEE893 /* WLDArticleDetailViewController.swift */,
				84CFB3342F371D9D00FEE893 /* WLDStoryDetailViewController.swift */,
			);
			path = Feed;
			sourceTree = "<group>";
		};
		84CFB3382F371D9D00FEE893 /* Main */ = {
			isa = PBXGroup;
			children = (
				84CFB3362F371D9D00FEE893 /* WLDCameraViewController.swift */,
				84CFB3372F371D9D00FEE893 /* WLDMainTab.swift */,
			);
			path = Main;
			sourceTree = "<group>";
		};
		84CFB33C2F371D9D00FEE893 /* Profile */ = {
			isa = PBXGroup;
			children = (
				84CFB3392F371D9D00FEE893 /* WLDCoinStoreViewController.swift */,
				84CFB33A2F371D9D00FEE893 /* WLDProfileViewController.swift */,
				84CFB33B2F371D9D00FEE893 /* WLDSettingsViewController.swift */,
			);
			path = Profile;
			sourceTree = "<group>";
		};
		84CFB33D2F371D9D00FEE893 /* Controllers */ = {
			isa = PBXGroup;
			children = (
				84CFB3282F371D9D00FEE893 /* Auth */,
				84CFB32B2F371D9D00FEE893 /* Chat */,
				84CFB32F2F371D9D00FEE893 /* Discovery */,
				84CFB3352F371D9D00FEE893 /* Feed */,
				84CFB3382F371D9D00FEE893 /* Main */,
				84CFB33C2F371D9D00FEE893 /* Profile */,
			);
			path = Controllers;
			sourceTree = "<group>";
		};
		84CFB3432F371D9D00FEE893 /* Managers */ = {
			isa = PBXGroup;
			children = (
				84CFB33E2F371D9D00FEE893 /* WLDAuthService.swift */,
				84CFB33F2F371D9D00FEE893 /* WLDInitialData.swift */,
				84CFB3402F371D9D00FEE893 /* WLDChatHandler.swift */,
				84CFB3412F371D9D00FEE893 /* WLDStorageWorker.swift */,
				84CFB3422F371D9D00FEE893 /* WLDFeedController.swift */,
			);
			path = Managers;
			sourceTree = "<group>";
		};
		84CFB3472F371D9D00FEE893 /* Models */ = {
			isa = PBXGroup;
			children = (
				84CFB3442F371D9D00FEE893 /* WLDChatItem.swift */,
				84CFB3452F371D9D00FEE893 /* WLDArticle.swift */,
				84CFB3462F371D9D00FEE893 /* WLDProfile.swift */,
			);
			path = Models;
			sourceTree = "<group>";
		};
		84CFB3492F371D9D00FEE893 /* Services */ = {
			isa = PBXGroup;
			children = (
				84CFB3482F371D9D00FEE893 /* WLDCoinManager.swift */,
			);
			path = Services;
			sourceTree = "<group>";
		};
		84CFB34D2F371D9D00FEE893 /* Utils */ = {
			isa = PBXGroup;
			children = (
				84CFB34A2F371D9D00FEE893 /* WLDAppConfig.swift */,
				84CFB34B2F371D9D00FEE893 /* WLDBitmapFetcher.swift */,
				84CFB34C2F371D9D00FEE893 /* UIView+Extensions.swift */,
			);
			path = Utils;
			sourceTree = "<group>";
		};
		84CFB3502F371D9D00FEE893 /* Chat */ = {
			isa = PBXGroup;
			children = (
				84CFB34E2F371D9D00FEE893 /* WLDChatListCell.swift */,
				84CFB34F2F371D9D00FEE893 /* WLDChatItemCell.swift */,
			);
			path = Chat;
			sourceTree = "<group>";
		};
		84CFB3522F371D9D00FEE893 /* Feed */ = {
			isa = PBXGroup;
			children = (
				84CFB3512F371D9D00FEE893 /* WLDStoriesView.swift */,
			);
			path = Feed;
			sourceTree = "<group>";
		};
		84CFB3552F371D9D00FEE893 /* Profile */ = {
			isa = PBXGroup;
			children = (
				84CFB3532F371D9D00FEE893 /* WLDPhotoGridCell.swift */,
				84CFB3542F371D9D00FEE893 /* WLDProfileHeaderView.swift */,
			);
			path = Profile;
			sourceTree = "<group>";
		};
		84CFB3582F371D9D00FEE893 /* Views */ = {
			isa = PBXGroup;
			children = (
				84CFB3502F371D9D00FEE893 /* Chat */,
				84CFB3522F371D9D00FEE893 /* Feed */,
				84CFB3552F371D9D00FEE893 /* Profile */,
				84CFB3562F371D9D00FEE893 /* WLDArticleCell.swift */,
				84CFB3572F371D9D00FEE893 /* WLDVideoPlayerView.swift */,
			);
			path = Views;
			sourceTree = "<group>";
		};
		84CFB3592F371D9D00FEE893 /* Source */ = {
			isa = PBXGroup;
			children = (
				84CFB33D2F371D9D00FEE893 /* Controllers */,
				84CFB3432F371D9D00FEE893 /* Managers */,
				84CFB3472F371D9D00FEE893 /* Models */,
				84CFB3492F371D9D00FEE893 /* Services */,
				84CFB34D2F371D9D00FEE893 /* Utils */,
				84CFB3582F371D9D00FEE893 /* Views */,
			);
			path = Source;
			sourceTree = "<group>";
		};
		84CFB3652F371D9D00FEE893 /* wldo */ = {
			isa = PBXGroup;
			children = (
				84CFB3592F371D9D00FEE893 /* Source */,
				84CFB35A2F371D9D00FEE893 /* resource_img_01.jpg */,
				84CFB35B2F371D9D00FEE893 /* resource_vid_01.mp4 */,
				84CFB35C2F371D9D00FEE893 /* resource_img_02.jpg */,
				84CFB35D2F371D9D00FEE893 /* resource_vid_02.mp4 */,
				84CFB35E2F371D9D00FEE893 /* AppDelegate.swift */,
				84CFB35F2F371D9D00FEE893 /* Assets.xcassets */,
				84CFB3602F371D9D00FEE893 /* Info.plist */,
				84CFB3612F371D9D00FEE893 /* wldo.entitlements */,
				84CFB3632F371D9D00FEE893 /* LaunchScreen.storyboard */,
			);
			path = wldo;
			sourceTree = "<group>";
		};
		84D221492F287629009D2E99 = {
			isa = PBXGroup;
			children = (
				84CFB3652F371D9D00FEE893 /* wldo */,
				84D221D32F28B87B009D2E99 /* Frameworks */,
				84D221532F287629009D2E99 /* Products */,
				B5E1F7D62CE66D0296BF353F /* Pods */,
			);
			sourceTree = "<group>";
		};
		84D221532F287629009D2E99 /* Products */ = {
			isa = PBXGroup;
			children = (
				84D221522F287629009D2E99 /* wldo.app */,
			);
			name = Products;
			sourceTree = "<group>";
		};
		84D221D32F28B87B009D2E99 /* Frameworks */ = {
			isa = PBXGroup;
			children = (
				84D221D42F28B87B009D2E99 /* StoreKit.framework */,
				DB8EAD53C3E270DF0F06D46D /* Pods_wldo.framework */,
			);
			name = Frameworks;
			sourceTree = "<group>";
		};
		B5E1F7D62CE66D0296BF353F /* Pods */ = {
			isa = PBXGroup;
			children = (
				CB6EC88C66CA64699F5C58E2 /* Pods-wldo.debug.xcconfig */,
				AAF056B1A501BCE92C70FAD8 /* Pods-wldo.release.xcconfig */,
			);
			path = Pods;
			sourceTree = "<group>";
		};
/* End PBXGroup section */

/* Begin PBXNativeTarget section */
		84D221512F287629009D2E99 /* wldo */ = {
			isa = PBXNativeTarget;
			buildConfigurationList = 84D221652F28762A009D2E99 /* Build configuration list for PBXNativeTarget "wldo" */;
			buildPhases = (
				6DC7EFEA404052D87F7043E3 /* [CP] Check Pods Manifest.lock */,
				84D2214E2F287629009D2E99 /* Sources */,
				84D2214F2F287629009D2E99 /* Frameworks */,
				84D221502F287629009D2E99 /* Resources */,
			);
			buildRules = (
			);
			dependencies = (
			);
			name = wldo;
			productName = wldo;
			productReference = 84D221522F287629009D2E99 /* wldo.app */;
			productType = "com.apple.product-type.application";
		};
/* End PBXNativeTarget section */

/* Begin PBXProject section */
		84D2214A2F287629009D2E99 /* Project object */ = {
			isa = PBXProject;
			attributes = {
				BuildIndependentTargetsInParallel = 1;
				LastSwiftUpdateCheck = 2620;
				LastUpgradeCheck = 2620;
				TargetAttributes = {
					84D221512F287629009D2E99 = {
						CreatedOnToolsVersion = 26.2;
					};
				};
			};
			buildConfigurationList = 84D2214D2F287629009D2E99 /* Build configuration list for PBXProject "keno" */;
			compatibilityVersion = "Xcode 14.0";
			developmentRegion = en;
			hasScannedForEncodings = 0;
			knownRegions = (
				en,
				Base,
			);
			mainGroup = 84D221492F287629009D2E99;
			productRefGroup = 84D221532F287629009D2E99 /* Products */;
			projectDirPath = "";
			projectRoot = "";
			targets = (
				84D221512F287629009D2E99 /* wldo */,
			);
		};
/* End PBXProject section */

/* Begin PBXResourcesBuildPhase section */
		84D221502F287629009D2E99 /* Resources */ = {
			isa = PBXResourcesBuildPhase;
			buildActionMask = 2147483647;
			files = (
				84CFB38D2F371D9D00FEE893 /* resource_img_01.jpg in Resources */,
				84CFB38E2F371D9D00FEE893 /* resource_vid_01.mp4 in Resources */,
				84CFB38F2F371D9D00FEE893 /* resource_img_02.jpg in Resources */,
				84CFB3902F371D9D00FEE893 /* resource_vid_02.mp4 in Resources */,
				84CFB3912F371D9D00FEE893 /* Assets.xcassets in Resources */,
				84CFB3932F371D9D00FEE893 /* LaunchScreen.storyboard in Resources */,
			);
			runOnlyForDeploymentPostprocessing = 0;
		};
/* End PBXResourcesBuildPhase section */

/* Begin PBXShellScriptBuildPhase section */
		6DC7EFEA404052D87F7043E3 /* [CP] Check Pods Manifest.lock */ = {
			isa = PBXShellScriptBuildPhase;
			buildActionMask = 2147483647;
			files = (
			);
			inputFileListPaths = (
			);
			inputPaths = (
				"${PODS_PODFILE_DIR_PATH}/Podfile.lock",
				"${PODS_ROOT}/Manifest.lock",
			);
			name = "[CP] Check Pods Manifest.lock";
			outputFileListPaths = (
			);
			outputPaths = (
				"$(DERIVED_FILE_DIR)/Pods-wldo-checkManifestLockResult.txt",
			);
			runOnlyForDeploymentPostprocessing = 0;
			shellPath = /bin/sh;
			shellScript = "diff \"${PODS_PODFILE_DIR_PATH}/Podfile.lock\" \"${PODS_ROOT}/Manifest.lock\" > /dev/null\nif [ $? != 0 ] ; then\n    # print error to STDERR\n    echo \"error: The sandbox is not in sync with the Podfile.lock. Run 'pod install' or update your CocoaPods installation.\" >&2\n    exit 1\nfi\n# This output is used by Xcode 'outputs' to avoid re-running this script phase.\necho \"SUCCESS\" > \"${SCRIPT_OUTPUT_FILE_0}\"\n";
			showEnvVarsInLog = 0;
		};
/* End PBXShellScriptBuildPhase section */

/* Begin PBXSourcesBuildPhase section */
		84D2214E2F287629009D2E99 /* Sources */ = {
			isa = PBXSourcesBuildPhase;
			buildActionMask = 2147483647;
			files = (
				84CFB3662F371D9D00FEE893 /* WLDLoginView.swift in Sources */,
				84CFB3672F371D9D00FEE893 /* WLDPolicyViewController.swift in Sources */,
				84CFB3682F371D9D00FEE893 /* WLDRegisterViewController.swift in Sources */,
				84CFB3692F371D9D00FEE893 /* WLDChatDetailViewController.swift in Sources */,
				84CFB36A2F371D9D00FEE893 /* WLDChatListViewController.swift in Sources */,
				84CFB36B2F371D9D00FEE893 /* WLDDiscoveryEnums.swift in Sources */,
				84CFB36C2F371D9D00FEE893 /* WLDDiscoveryViewController.swift in Sources */,
				84CFB36D2F371D9D00FEE893 /* WLDTagFeedViewController.swift in Sources */,
				84CFB36E2F371D9D00FEE893 /* WLDCreatePostViewController.swift in Sources */,
				84CFB36F2F371D9D00FEE893 /* WLDFeedEnums.swift in Sources */,
				84CFB3702F371D9D00FEE893 /* WLDFeedViewController.swift in Sources */,
				84CFB3712F371D9D00FEE893 /* WLDArticleDetailViewController.swift in Sources */,
				84CFB3722F371D9D00FEE893 /* WLDStoryDetailViewController.swift in Sources */,
				84CFB3732F371D9D00FEE893 /* WLDCameraViewController.swift in Sources */,
				84CFB3742F371D9D00FEE893 /* WLDMainTab.swift in Sources */,
				84CFB3752F371D9D00FEE893 /* WLDCoinStoreViewController.swift in Sources */,
				84CFB3762F371D9D00FEE893 /* WLDProfileViewController.swift in Sources */,
				84CFB3772F371D9D00FEE893 /* WLDSettingsViewController.swift in Sources */,
				84CFB3782F371D9D00FEE893 /* WLDAuthService.swift in Sources */,
				84CFB3792F371D9D00FEE893 /* WLDInitialData.swift in Sources */,
				84CFB37A2F371D9D00FEE893 /* WLDChatHandler.swift in Sources */,
				84CFB37B2F371D9D00FEE893 /* WLDStorageWorker.swift in Sources */,
				84CFB37C2F371D9D00FEE893 /* WLDFeedController.swift in Sources */,
				84CFB37D2F371D9D00FEE893 /* WLDChatItem.swift in Sources */,
				84CFB37E2F371D9D00FEE893 /* WLDArticle.swift in Sources */,
				84CFB37F2F371D9D00FEE893 /* WLDProfile.swift in Sources */,
				84CFB3802F371D9D00FEE893 /* WLDCoinManager.swift in Sources */,
				84CFB3812F371D9D00FEE893 /* WLDAppConfig.swift in Sources */,
				84CFB3822F371D9D00FEE893 /* WLDBitmapFetcher.swift in Sources */,
				84CFB3832F371D9D00FEE893 /* UIView+Extensions.swift in Sources */,
				84CFB3842F371D9D00FEE893 /* WLDChatListCell.swift in Sources */,
				84CFB3852F371D9D00FEE893 /* WLDChatItemCell.swift in Sources */,
				84CFB3862F371D9D00FEE893 /* WLDStoriesView.swift in Sources */,
				84CFB3872F371D9D00FEE893 /* WLDPhotoGridCell.swift in Sources */,
				84CFB3882F371D9D00FEE893 /* WLDProfileHeaderView.swift in Sources */,
				84CFB3892F371D9D00FEE893 /* WLDArticleCell.swift in Sources */,
				84CFB38A2F371D9D00FEE893 /* WLDVideoPlayerView.swift in Sources */,
				84CFB38B2F371D9D00FEE893 /* AppDelegate.swift in Sources */,
			);
			runOnlyForDeploymentPostprocessing = 0;
		};
/* End PBXSourcesBuildPhase section */

/* Begin PBXVariantGroup section */
		84CFB3632F371D9D00FEE893 /* LaunchScreen.storyboard */ = {
			isa = PBXVariantGroup;
			children = (
				84CFB3622F371D9D00FEE893 /* Base */,
			);
			name = LaunchScreen.storyboard;
			sourceTree = "<group>";
		};
/* End PBXVariantGroup section */

/* Begin XCBuildConfiguration section */
		84D221662F28762A009D2E99 /* Debug */ = {
			isa = XCBuildConfiguration;
			baseConfigurationReference = CB6EC88C66CA64699F5C58E2 /* Pods-wldo.debug.xcconfig */;
			buildSettings = {
				ASSETCATALOG_COMPILER_APPICON_NAME = AppIcon;
				ASSETCATALOG_COMPILER_GLOBAL_ACCENT_COLOR_NAME = AccentColor;
				CODE_SIGN_ENTITLEMENTS = wldo/wldo.entitlements;
				"CODE_SIGN_IDENTITY[sdk=iphoneos*]" = "iPhone Distribution";
				CODE_SIGN_STYLE = Manual;
				CURRENT_PROJECT_VERSION = 6;
				DEVELOPMENT_TEAM = "";
				"DEVELOPMENT_TEAM[sdk=iphoneos*]" = X4ZJV9JMDU;
				GENERATE_INFOPLIST_FILE = YES;
				INFOPLIST_FILE = wldo/Info.plist;
				INFOPLIST_KEY_CFBundleDisplayName = Keno;
				INFOPLIST_KEY_NSCameraUsageDescription = "This app needs access to camera for video calls and taking photos for chat.";
				INFOPLIST_KEY_NSMicrophoneUsageDescription = "This app needs access to microphone for video calls and recording voice messages in chat.";
				INFOPLIST_KEY_NSPhotoLibraryAddUsageDescription = "This app requires access to add new photos to your library, enabling you to save photos directly from the app.";
				INFOPLIST_KEY_NSPhotoLibraryUsageDescription = "This app needs access to photo library to share images in chat.";
				INFOPLIST_KEY_UIApplicationSupportsIndirectInputEvents = YES;
				INFOPLIST_KEY_UILaunchStoryboardName = LaunchScreen;
				INFOPLIST_KEY_UISupportedInterfaceOrientations_iPad = "UIInterfaceOrientationPortrait UIInterfaceOrientationPortraitUpsideDown UIInterfaceOrientationLandscapeLeft UIInterfaceOrientationLandscapeRight";
				INFOPLIST_KEY_UISupportedInterfaceOrientations_iPhone = "UIInterfaceOrientationPortrait UIInterfaceOrientationLandscapeLeft UIInterfaceOrientationLandscapeRight";
				INFOPLIST_KEY_UIUserInterfaceStyle = Light;
				IPHONEOS_DEPLOYMENT_TARGET = 13.0;
				LD_RUNPATH_SEARCH_PATHS = (
					"$(inherited)",
					"@executable_path/Frameworks",
				);
				MARKETING_VERSION = 1.0.0;
				PRODUCT_BUNDLE_IDENTIFIER = com.keno.com;
				PRODUCT_NAME = "$(TARGET_NAME)";
				PROVISIONING_PROFILE_SPECIFIER = "";
				"PROVISIONING_PROFILE_SPECIFIER[sdk=iphoneos*]" = wldo;
				STRING_CATALOG_GENERATE_SYMBOLS = YES;
				SUPPORTED_PLATFORMS = "iphoneos iphonesimulator";
				SUPPORTS_MACCATALYST = NO;
				SUPPORTS_MAC_DESIGNED_FOR_IPHONE_IPAD = NO;
				SUPPORTS_XR_DESIGNED_FOR_IPHONE_IPAD = NO;
				SWIFT_APPROACHABLE_CONCURRENCY = YES;
				SWIFT_DEFAULT_ACTOR_ISOLATION = MainActor;
				SWIFT_EMIT_LOC_STRINGS = YES;
				SWIFT_UPCOMING_FEATURE_MEMBER_IMPORT_VISIBILITY = YES;
				SWIFT_VERSION = 5.0;
				TARGETED_DEVICE_FAMILY = 1;
			};
			name = Debug;
		};
		84D221672F28762A009D2E99 /* Release */ = {
			isa = XCBuildConfiguration;
			baseConfigurationReference = AAF056B1A501BCE92C70FAD8 /* Pods-wldo.release.xcconfig */;
			buildSettings = {
				ASSETCATALOG_COMPILER_APPICON_NAME = AppIcon;
				ASSETCATALOG_COMPILER_GLOBAL_ACCENT_COLOR_NAME = AccentColor;
				CODE_SIGN_ENTITLEMENTS = wldo/wldo.entitlements;
				"CODE_SIGN_IDENTITY[sdk=iphoneos*]" = "iPhone Distribution";
				CODE_SIGN_STYLE = Manual;
				CURRENT_PROJECT_VERSION = 6;
				DEVELOPMENT_TEAM = "";
				"DEVELOPMENT_TEAM[sdk=iphoneos*]" = X4ZJV9JMDU;
				GENERATE_INFOPLIST_FILE = YES;
				INFOPLIST_FILE = wldo/Info.plist;
				INFOPLIST_KEY_CFBundleDisplayName = Keno;
				INFOPLIST_KEY_NSCameraUsageDescription = "This app needs access to camera for video calls and taking photos for chat.";
				INFOPLIST_KEY_NSMicrophoneUsageDescription = "This app needs access to microphone for video calls and recording voice messages in chat.";
				INFOPLIST_KEY_NSPhotoLibraryAddUsageDescription = "This app requires access to add new photos to your library, enabling you to save photos directly from the app.";
				INFOPLIST_KEY_NSPhotoLibraryUsageDescription = "This app needs access to photo library to share images in chat.";
				INFOPLIST_KEY_UIApplicationSupportsIndirectInputEvents = YES;
				INFOPLIST_KEY_UILaunchStoryboardName = LaunchScreen;
				INFOPLIST_KEY_UISupportedInterfaceOrientations_iPad = "UIInterfaceOrientationPortrait UIInterfaceOrientationPortraitUpsideDown UIInterfaceOrientationLandscapeLeft UIInterfaceOrientationLandscapeRight";
				INFOPLIST_KEY_UISupportedInterfaceOrientations_iPhone = "UIInterfaceOrientationPortrait UIInterfaceOrientationLandscapeLeft UIInterfaceOrientationLandscapeRight";
				INFOPLIST_KEY_UIUserInterfaceStyle = Light;
				IPHONEOS_DEPLOYMENT_TARGET = 13.0;
				LD_RUNPATH_SEARCH_PATHS = (
					"$(inherited)",
					"@executable_path/Frameworks",
				);
				MARKETING_VERSION = 1.0.0;
				PRODUCT_BUNDLE_IDENTIFIER = com.keno.com;
				PRODUCT_NAME = "$(TARGET_NAME)";
				PROVISIONING_PROFILE_SPECIFIER = "";
				"PROVISIONING_PROFILE_SPECIFIER[sdk=iphoneos*]" = wldo;
				STRING_CATALOG_GENERATE_SYMBOLS = YES;
				SUPPORTED_PLATFORMS = "iphoneos iphonesimulator";
				SUPPORTS_MACCATALYST = NO;
				SUPPORTS_MAC_DESIGNED_FOR_IPHONE_IPAD = NO;
				SUPPORTS_XR_DESIGNED_FOR_IPHONE_IPAD = NO;
				SWIFT_APPROACHABLE_CONCURRENCY = YES;
				SWIFT_DEFAULT_ACTOR_ISOLATION = MainActor;
				SWIFT_EMIT_LOC_STRINGS = YES;
				SWIFT_UPCOMING_FEATURE_MEMBER_IMPORT_VISIBILITY = YES;
				SWIFT_VERSION = 5.0;
				TARGETED_DEVICE_FAMILY = 1;
			};
			name = Release;
		};
		84D221682F28762A009D2E99 /* Debug */ = {
			isa = XCBuildConfiguration;
			buildSettings = {
				ALWAYS_SEARCH_USER_PATHS = NO;
				ASSETCATALOG_COMPILER_GENERATE_SWIFT_ASSET_SYMBOL_EXTENSIONS = YES;
				CLANG_ANALYZER_NONNULL = YES;
				CLANG_ANALYZER_NUMBER_OBJECT_CONVERSION = YES_AGGRESSIVE;
				CLANG_CXX_LANGUAGE_STANDARD = "gnu++20";
				CLANG_ENABLE_MODULES = YES;
				CLANG_ENABLE_OBJC_ARC = YES;
				CLANG_ENABLE_OBJC_WEAK = YES;
				CLANG_WARN_BLOCK_CAPTURE_AUTORELEASING = YES;
				CLANG_WARN_BOOL_CONVERSION = YES;
				CLANG_WARN_COMMA = YES;
				CLANG_WARN_CONSTANT_CONVERSION = YES;
				CLANG_WARN_DEPRECATED_OBJC_IMPLEMENTATIONS = YES;
				CLANG_WARN_DIRECT_OBJC_ISA_USAGE = YES_ERROR;
				CLANG_WARN_DOCUMENTATION_COMMENTS = YES;
				CLANG_WARN_EMPTY_BODY = YES;
				CLANG_WARN_ENUM_CONVERSION = YES;
				CLANG_WARN_INFINITE_RECURSION = YES;
				CLANG_WARN_INT_CONVERSION = YES;
				CLANG_WARN_NON_LITERAL_NULL_CONVERSION = YES;
				CLANG_WARN_OBJC_IMPLICIT_RETAIN_SELF = YES;
				CLANG_WARN_OBJC_LITERAL_CONVERSION = YES;
				CLANG_WARN_OBJC_ROOT_CLASS = YES_ERROR;
				CLANG_WARN_QUOTED_INCLUDE_IN_FRAMEWORK_HEADER = YES;
				CLANG_WARN_RANGE_LOOP_ANALYSIS = YES;
				CLANG_WARN_STRICT_PROTOTYPES = YES;
				CLANG_WARN_SUSPICIOUS_MOVE = YES;
				CLANG_WARN_UNGUARDED_AVAILABILITY = YES_AGGRESSIVE;
				CLANG_WARN_UNREACHABLE_CODE = YES;
				CLANG_WARN__DUPLICATE_METHOD_MATCH = YES;
				COPY_PHASE_STRIP = NO;
				DEBUG_INFORMATION_FORMAT = dwarf;
				ENABLE_STRICT_OBJC_MSGSEND = YES;
				ENABLE_TESTABILITY = YES;
				ENABLE_USER_SCRIPT_SANDBOXING = YES;
				GCC_C_LANGUAGE_STANDARD = gnu17;
				GCC_DYNAMIC_NO_PIC = NO;
				GCC_NO_COMMON_BLOCKS = YES;
				GCC_OPTIMIZATION_LEVEL = 0;
				GCC_PREPROCESSOR_DEFINITIONS = (
					"DEBUG=1",
					"$(inherited)",
				);
				GCC_WARN_64_TO_32_BIT_CONVERSION = YES;
				GCC_WARN_ABOUT_RETURN_TYPE = YES_ERROR;
				GCC_WARN_UNDECLARED_SELECTOR = YES;
				GCC_WARN_UNINITIALIZED_AUTOS = YES_AGGRESSIVE;
				GCC_WARN_UNUSED_FUNCTION = YES;
				GCC_WARN_UNUSED_VARIABLE = YES;
				IPHONEOS_DEPLOYMENT_TARGET = 26.2;
				LOCALIZATION_PREFERS_STRING_CATALOGS = YES;
				MTL_ENABLE_DEBUG_INFO = INCLUDE_SOURCE;
				MTL_FAST_MATH = YES;
				ONLY_ACTIVE_ARCH = YES;
				SDKROOT = iphoneos;
				SWIFT_ACTIVE_COMPILATION_CONDITIONS = "DEBUG $(inherited)";
				SWIFT_OPTIMIZATION_LEVEL = "-Onone";
			};
			name = Debug;
		};
		84D221692F28762A009D2E99 /* Release */ = {
			isa = XCBuildConfiguration;
			buildSettings = {
				ALWAYS_SEARCH_USER_PATHS = NO;
				ASSETCATALOG_COMPILER_GENERATE_SWIFT_ASSET_SYMBOL_EXTENSIONS = YES;
				CLANG_ANALYZER_NONNULL = YES;
				CLANG_ANALYZER_NUMBER_OBJECT_CONVERSION = YES_AGGRESSIVE;
				CLANG_CXX_LANGUAGE_STANDARD = "gnu++20";
				CLANG_ENABLE_MODULES = YES;
				CLANG_ENABLE_OBJC_ARC = YES;
				CLANG_ENABLE_OBJC_WEAK = YES;
				CLANG_WARN_BLOCK_CAPTURE_AUTORELEASING = YES;
				CLANG_WARN_BOOL_CONVERSION = YES;
				CLANG_WARN_COMMA = YES;
				CLANG_WARN_CONSTANT_CONVERSION = YES;
				CLANG_WARN_DEPRECATED_OBJC_IMPLEMENTATIONS = YES;
				CLANG_WARN_DIRECT_OBJC_ISA_USAGE = YES_ERROR;
				CLANG_WARN_DOCUMENTATION_COMMENTS = YES;
				CLANG_WARN_EMPTY_BODY = YES;
				CLANG_WARN_ENUM_CONVERSION = YES;
				CLANG_WARN_INFINITE_RECURSION = YES;
				CLANG_WARN_INT_CONVERSION = YES;
				CLANG_WARN_NON_LITERAL_NULL_CONVERSION = YES;
				CLANG_WARN_OBJC_IMPLICIT_RETAIN_SELF = YES;
				CLANG_WARN_OBJC_LITERAL_CONVERSION = YES;
				CLANG_WARN_OBJC_ROOT_CLASS = YES_ERROR;
				CLANG_WARN_QUOTED_INCLUDE_IN_FRAMEWORK_HEADER = YES;
				CLANG_WARN_RANGE_LOOP_ANALYSIS = YES;
				CLANG_WARN_STRICT_PROTOTYPES = YES;
				CLANG_WARN_SUSPICIOUS_MOVE = YES;
				CLANG_WARN_UNGUARDED_AVAILABILITY = YES_AGGRESSIVE;
				CLANG_WARN_UNREACHABLE_CODE = YES;
				CLANG_WARN__DUPLICATE_METHOD_MATCH = YES;
				COPY_PHASE_STRIP = NO;
				DEBUG_INFORMATION_FORMAT = "dwarf-with-dsym";
				ENABLE_NS_ASSERTIONS = NO;
				ENABLE_STRICT_OBJC_MSGSEND = YES;
				ENABLE_USER_SCRIPT_SANDBOXING = YES;
				GCC_C_LANGUAGE_STANDARD = gnu17;
				GCC_NO_COMMON_BLOCKS = YES;
				GCC_WARN_64_TO_32_BIT_CONVERSION = YES;
				GCC_WARN_ABOUT_RETURN_TYPE = YES_ERROR;
				GCC_WARN_UNDECLARED_SELECTOR = YES;
				GCC_WARN_UNINITIALIZED_AUTOS = YES_AGGRESSIVE;
				GCC_WARN_UNUSED_FUNCTION = YES;
				GCC_WARN_UNUSED_VARIABLE = YES;
				IPHONEOS_DEPLOYMENT_TARGET = 26.2;
				LOCALIZATION_PREFERS_STRING_CATALOGS = YES;
				MTL_ENABLE_DEBUG_INFO = NO;
				MTL_FAST_MATH = YES;
				SDKROOT = iphoneos;
				SWIFT_COMPILATION_MODE = wholemodule;
				VALIDATE_PRODUCT = YES;
			};
			name = Release;
		};
/* End XCBuildConfiguration section */

/* Begin XCConfigurationList section */
		84D2214D2F287629009D2E99 /* Build configuration list for PBXProject "keno" */ = {
			isa = XCConfigurationList;
			buildConfigurations = (
				84D221682F28762A009D2E99 /* Debug */,
				84D221692F28762A009D2E99 /* Release */,
			);
			defaultConfigurationIsVisible = 0;
			defaultConfigurationName = Release;
		};
		84D221652F28762A009D2E99 /* Build configuration list for PBXNativeTarget "wldo" */ = {
			isa = XCConfigurationList;
			buildConfigurations = (
				84D221662F28762A009D2E99 /* Debug */,
				84D221672F28762A009D2E99 /* Release */,
			);
			defaultConfigurationIsVisible = 0;
			defaultConfigurationName = Release;
		};
/* End XCConfigurationList section */
	};
	rootObject = 84D2214A2F287629009D2E99 /* Project object */;
}
